{
  "requires": true,
  "lockfileVersion": 1,
  "dependencies": {
    "@types/fs-extra": {
      "version": "5.0.4",
      "resolved": "https://registry.npmjs.org/@types/fs-extra/-/fs-extra-5.0.4.tgz",
      "integrity": "sha512-DsknoBvD8s+RFfSGjmERJ7ZOP1HI0UZRA3FSI+Zakhrc/Gy26YQsLI+m5V5DHxroHRJqCDLKJp7Hixn8zyaF7g==",
      "dev": true,
      "requires": {
        "@types/node": "*"
      }
    },
    "@types/fs-promise": {
      "version": "1.0.3",
      "resolved": "https://registry.npmjs.org/@types/fs-promise/-/fs-promise-1.0.3.tgz",
      "integrity": "sha1-Huceeh7dNQOpBc3sJiQPSF3Ny68=",
      "requires": {
        "@types/mz": "*",
        "@types/node": "*"
      }
    },
    "@types/mz": {
      "version": "0.0.32",
      "resolved": "https://registry.npmjs.org/@types/mz/-/mz-0.0.32.tgz",
      "integrity": "sha512-cy3yebKhrHuOcrJGkfwNHhpTXQLgmXSv1BX+4p32j+VUQ6aP2eJ5cL7OvGcAQx75fCTFaAIIAKewvqL+iwSd4g==",
      "requires": {
        "@types/node": "*"
      }
    },
    "@types/node": {
      "version": "10.12.8",
      "resolved": "https://registry.npmjs.org/@types/node/-/node-10.12.8.tgz",
      "integrity": "sha512-INamyRZG4rW3lDCUmwVd5Xho/bXvQm/v1yP8V0UN1RuInU7RoWoaO570b+yLX4Ia/0szsx1wa8VzcsVlsvbWLA=="
    },
    "@types/yaml": {
      "version": "1.0.0",
      "resolved": "https://registry.npmjs.org/@types/yaml/-/yaml-1.0.0.tgz",
      "integrity": "sha512-T/RFqzFlMqqyHusJ0VOWf+wkWytr74aiqQ1L2MHHpiaEVrQfycuM6+zLchg6s5lGX9Na5OUFB/3pUXJaURAJ1A=="
    },
    "any-promise": {
      "version": "1.3.0",
      "resolved": "https://registry.npmjs.org/any-promise/-/any-promise-1.3.0.tgz",
      "integrity": "sha1-q8av7tzqUugJzcA3au0845Y10X8="
    },
    "fs-extra": {
      "version": "2.1.2",
      "resolved": "https://registry.npmjs.org/fs-extra/-/fs-extra-2.1.2.tgz",
      "integrity": "sha1-BGxwFjzvmq1GsOSn+kZ/si1x3jU=",
      "requires": {
        "graceful-fs": "^4.1.2",
        "jsonfile": "^2.1.0"
      }
    },
    "fs-promise": {
      "version": "2.0.3",
      "resolved": "https://registry.npmjs.org/fs-promise/-/fs-promise-2.0.3.tgz",
      "integrity": "sha1-9k5PhUvPaJqovdy6JokW2z20aFQ=",
      "requires": {
        "any-promise": "^1.3.0",
        "fs-extra": "^2.0.0",
        "mz": "^2.6.0",
        "thenify-all": "^1.6.0"
      }
    },
    "graceful-fs": {
      "version": "4.1.15",
      "resolved": "https://registry.npmjs.org/graceful-fs/-/graceful-fs-4.1.15.tgz",
      "integrity": "sha512-6uHUhOPEBgQ24HM+r6b/QwWfZq+yiFcipKFrOFiBEnWdy5sdzYoi+pJeQaPI5qOLRFqWmAXUPQNsielzdLoecA=="
    },
    "jsonfile": {
      "version": "2.4.0",
      "resolved": "http://registry.npmjs.org/jsonfile/-/jsonfile-2.4.0.tgz",
      "integrity": "sha1-NzaitCi4e72gzIO1P6PWM6NcKug=",
      "requires": {
        "graceful-fs": "^4.1.6"
      }
    },
    "mz": {
      "version": "2.7.0",
      "resolved": "https://registry.npmjs.org/mz/-/mz-2.7.0.tgz",
      "integrity": "sha512-z81GNO7nnYMEhrGh9LeymoE4+Yr0Wn5McHIZMK5cfQCl+NDX08sCZgUc9/6MHni9IWuFLm1Z3HTCXu2z9fN62Q==",
      "requires": {
        "any-promise": "^1.0.0",
        "object-assign": "^4.0.1",
        "thenify-all": "^1.0.0"
      }
    },
    "object-assign": {
      "version": "4.1.1",
      "resolved": "https://registry.npmjs.org/object-assign/-/object-assign-4.1.1.tgz",
      "integrity": "sha1-IQmtx5ZYh8/AXLvUQsrIv7s2CGM="
    },
    "thenify": {
      "version": "3.3.0",
      "resolved": "https://registry.npmjs.org/thenify/-/thenify-3.3.0.tgz",
      "integrity": "sha1-5p44obq+lpsBCCB5eLn2K4hgSDk=",
      "requires": {
        "any-promise": "^1.0.0"
      }
    },
    "thenify-all": {
      "version": "1.6.0",
      "resolved": "https://registry.npmjs.org/thenify-all/-/thenify-all-1.6.0.tgz",
      "integrity": "sha1-GhkY1ALY/D+Y+/I02wvMjMEOlyY=",
      "requires": {
        "thenify": ">= 3.1.0 < 4"
      }
    },
    "yaml": {
      "version": "1.0.2",
      "resolved": "https://registry.npmjs.org/yaml/-/yaml-1.0.2.tgz",
      "integrity": "sha512-vPmXtExk6AV7F5l2N5jW4LhbhZZPPN+xOK8x/+EgSXsXoawuo19Iqa+9nYMwrltsi6nl0rMKiROA/SAfG2OgUw=="
    }
  }
}
